{
  "name": "vulnerable-nextjs-supabase",
  "lockfileVersion": 3,
  "packages": {
    "": {
      "name": "vulnerable-nextjs-supabase"
    },
    "node_modules/@supabase/supabase-js": {
      "version": "2.0.0"
    },
    "node_modules/lodash": {
      "version": "4.17.20"
    },
    "node_modules/next": {
      "version": "15.1.4"
    },
    "node_modules/react": {
      "version": "19.0.0"
    },
    "node_modules/vitest": {
      "version": "3.2.7"
    }
  }
}
