{
  "name": "clean-production",
  "lockfileVersion": 3,
  "packages": {
    "": {
      "name": "clean-production"
    },
    "node_modules/@supabase/supabase-js": {
      "version": "2.50.0"
    },
    "node_modules/next": {
      "version": "15.1.4"
    },
    "node_modules/react": {
      "version": "19.0.0"
    },
    "node_modules/vitest": {
      "version": "3.2.7"
    }
  }
}
